
Microsoft Visual Studio Solution File, Format Version 12.00
# Visual Studio Version 17
VisualStudioVersion = 17.7.34003.232
MinimumVisualStudioVersion = 10.0.40219.1
Project("{FAE04EC0-301F-11D3-BF4B-00C04F79EFBC}") = "Ditctionaries_Sawyer_Moira", "Ditctionaries_Sawyer_Moira.csproj", "{B00A4CA4-BAC7-4B45-AAB3-9A6A6CB06DF2}"
EndProject
Global
	GlobalSection(SolutionConfigurationPlatforms) = preSolution
		Debug|Any CPU = Debug|Any CPU
		Release|Any CPU = Release|Any CPU
	EndGlobalSection
	GlobalSection(ProjectConfigurationPlatforms) = postSolution
		{B00A4CA4-BAC7-4B45-AAB3-9A6A6CB06DF2}.Debug|Any CPU.ActiveCfg = Debug|Any CPU
		{B00A4CA4-BAC7-4B45-AAB3-9A6A6CB06DF2}.Debug|Any CPU.Build.0 = Debug|Any CPU
		{B00A4CA4-BAC7-4B45-AAB3-9A6A6CB06DF2}.Release|Any CPU.ActiveCfg = Release|Any CPU
		{B00A4CA4-BAC7-4B45-AAB3-9A6A6CB06DF2}.Release|Any CPU.Build.0 = Release|Any CPU
	EndGlobalSection
	GlobalSection(SolutionProperties) = preSolution
		HideSolutionNode = FALSE
	EndGlobalSection
	GlobalSection(ExtensibilityGlobals) = postSolution
		SolutionGuid = {0DF4AF5B-82D0-4927-8B49-9512E16CC51C}
	EndGlobalSection
EndGlobal
